
Microsoft Visual Studio Solution File, Format Version 12.00
# Visual Studio Version 16
VisualStudioVersion = 16.0.30907.101
MinimumVisualStudioVersion = 10.0.40219.1
Project("{FAE04EC0-301F-11D3-BF4B-00C04F79EFBC}") = "TicTacToe", "TicTacToe\TicTacToe.csproj", "{30B4DA06-6221-4338-A03D-696AF048C231}"
EndProject
Global
	GlobalSection(SolutionConfigurationPlatforms) = preSolution
		Debug|Any CPU = Debug|Any CPU
		Release|Any CPU = Release|Any CPU
	EndGlobalSection
	GlobalSection(ProjectConfigurationPlatforms) = postSolution
		{30B4DA06-6221-4338-A03D-696AF048C231}.Debug|Any CPU.ActiveCfg = Debug|Any CPU
		{30B4DA06-6221-4338-A03D-696AF048C231}.Debug|Any CPU.Build.0 = Debug|Any CPU
		{30B4DA06-6221-4338-A03D-696AF048C231}.Release|Any CPU.ActiveCfg = Release|Any CPU
		{30B4DA06-6221-4338-A03D-696AF048C231}.Release|Any CPU.Build.0 = Release|Any CPU
	EndGlobalSection
	GlobalSection(SolutionProperties) = preSolution
		HideSolutionNode = FALSE
	EndGlobalSection
	GlobalSection(ExtensibilityGlobals) = postSolution
		SolutionGuid = {D3D2BDA9-B6D9-46A5-B844-CF0C8C1636C3}
	EndGlobalSection
EndGlobal
